
Microsoft Visual Studio Solution File, Format Version 12.00
# Visual Studio Version 17
VisualStudioVersion = 17.10.34928.147
MinimumVisualStudioVersion = 10.0.40219.1
Project("{9A19103F-16F7-4668-BE54-9A1E7A4F7556}") = "BeginMaterialDesign", "BeginMaterialDesign\BeginMaterialDesign.csproj", "{CBEF7E08-D2EC-457D-80BC-F25E5FF32C71}"
EndProject
Project("{9A19103F-16F7-4668-BE54-9A1E7A4F7556}") = "BeginMaterialDesignWithMetro", "BeginMaterialDesignWithMetro\BeginMaterialDesignWithMetro.csproj", "{50495AA7-E052-4A85-A31E-B1D4B600ED0C}"
EndProject
Project("{FAE04EC0-301F-11D3-BF4B-00C04F79EFBC}") = "MaterialDesignWithIcons", "MaterialDesignWithIcons\MaterialDesignWithIcons.csproj", "{A7D5F334-3737-4481-863D-595E87BF2247}"
EndProject
Global
	GlobalSection(SolutionConfigurationPlatforms) = preSolution
		Debug|Any CPU = Debug|Any CPU
		Release|Any CPU = Release|Any CPU
	EndGlobalSection
	GlobalSection(ProjectConfigurationPlatforms) = postSolution
		{CBEF7E08-D2EC-457D-80BC-F25E5FF32C71}.Debug|Any CPU.ActiveCfg = Debug|Any CPU
		{CBEF7E08-D2EC-457D-80BC-F25E5FF32C71}.Debug|Any CPU.Build.0 = Debug|Any CPU
		{CBEF7E08-D2EC-457D-80BC-F25E5FF32C71}.Release|Any CPU.ActiveCfg = Release|Any CPU
		{CBEF7E08-D2EC-457D-80BC-F25E5FF32C71}.Release|Any CPU.Build.0 = Release|Any CPU
		{50495AA7-E052-4A85-A31E-B1D4B600ED0C}.Debug|Any CPU.ActiveCfg = Debug|Any CPU
		{50495AA7-E052-4A85-A31E-B1D4B600ED0C}.Debug|Any CPU.Build.0 = Debug|Any CPU
		{50495AA7-E052-4A85-A31E-B1D4B600ED0C}.Release|Any CPU.ActiveCfg = Release|Any CPU
		{50495AA7-E052-4A85-A31E-B1D4B600ED0C}.Release|Any CPU.Build.0 = Release|Any CPU
		{A7D5F334-3737-4481-863D-595E87BF2247}.Debug|Any CPU.ActiveCfg = Debug|Any CPU
		{A7D5F334-3737-4481-863D-595E87BF2247}.Debug|Any CPU.Build.0 = Debug|Any CPU
		{A7D5F334-3737-4481-863D-595E87BF2247}.Release|Any CPU.ActiveCfg = Release|Any CPU
		{A7D5F334-3737-4481-863D-595E87BF2247}.Release|Any CPU.Build.0 = Release|Any CPU
	EndGlobalSection
	GlobalSection(SolutionProperties) = preSolution
		HideSolutionNode = FALSE
	EndGlobalSection
	GlobalSection(ExtensibilityGlobals) = postSolution
		SolutionGuid = {DABAC638-1678-4D28-8B07-799F16C34191}
	EndGlobalSection
EndGlobal
